
Microsoft Visual Studio Solution File, Format Version 12.00
# Visual Studio 14
VisualStudioVersion = 14.0.23107.0
MinimumVisualStudioVersion = 10.0.40219.1
Project("{FAE04EC0-301F-11D3-BF4B-00C04F79EFBC}") = "PeopleAndPets", "PeopleAndPets\PeopleAndPets.csproj", "{91DEE1D9-E66C-4CD2-B51B-EB249C106C03}"
EndProject
Project("{FAE04EC0-301F-11D3-BF4B-00C04F79EFBC}") = "PeopleAndPets.Tests", "PeopleAndPets.Tests\PeopleAndPets.Tests.csproj", "{D3CC3468-B43D-4308-ACD3-8EC70641491F}"
EndProject
Global
	GlobalSection(SolutionConfigurationPlatforms) = preSolution
		Debug|Any CPU = Debug|Any CPU
		Release|Any CPU = Release|Any CPU
	EndGlobalSection
	GlobalSection(ProjectConfigurationPlatforms) = postSolution
		{91DEE1D9-E66C-4CD2-B51B-EB249C106C03}.Debug|Any CPU.ActiveCfg = Debug|Any CPU
		{91DEE1D9-E66C-4CD2-B51B-EB249C106C03}.Debug|Any CPU.Build.0 = Debug|Any CPU
		{91DEE1D9-E66C-4CD2-B51B-EB249C106C03}.Release|Any CPU.ActiveCfg = Release|Any CPU
		{91DEE1D9-E66C-4CD2-B51B-EB249C106C03}.Release|Any CPU.Build.0 = Release|Any CPU
		{D3CC3468-B43D-4308-ACD3-8EC70641491F}.Debug|Any CPU.ActiveCfg = Debug|Any CPU
		{D3CC3468-B43D-4308-ACD3-8EC70641491F}.Debug|Any CPU.Build.0 = Debug|Any CPU
		{D3CC3468-B43D-4308-ACD3-8EC70641491F}.Release|Any CPU.ActiveCfg = Release|Any CPU
		{D3CC3468-B43D-4308-ACD3-8EC70641491F}.Release|Any CPU.Build.0 = Release|Any CPU
	EndGlobalSection
	GlobalSection(SolutionProperties) = preSolution
		HideSolutionNode = FALSE
	EndGlobalSection
EndGlobal
